
Microsoft Visual Studio Solution File, Format Version 12.00
# Visual Studio Version 17
VisualStudioVersion = 17.9.34728.123
MinimumVisualStudioVersion = 10.0.40219.1
Project("{9A19103F-16F7-4668-BE54-9A1E7A4F7556}") = "BigonWeb", "BigonEcommerce\BigonWeb.csproj", "{620C5F3F-03D6-47CC-9E37-90379CA9CC28}"
EndProject
Project("{FAE04EC0-301F-11D3-BF4B-00C04F79EFBC}") = "Infrastructure", "Infrastructure\Infrastructure.csproj", "{A5CB2942-A9CD-4FB8-8DCF-7D0ECEC6E909}"
EndProject
Project("{FAE04EC0-301F-11D3-BF4B-00C04F79EFBC}") = "Business", "Business\Business.csproj", "{6096DA56-C758-4818-84F3-F9817B03AF04}"
EndProject
Project("{FAE04EC0-301F-11D3-BF4B-00C04F79EFBC}") = "Data", "Data\Data.csproj", "{2267CE74-24C4-4B46-9892-776D1563EFCD}"
EndProject
Global
	GlobalSection(SolutionConfigurationPlatforms) = preSolution
		Debug|Any CPU = Debug|Any CPU
		Release|Any CPU = Release|Any CPU
	EndGlobalSection
	GlobalSection(ProjectConfigurationPlatforms) = postSolution
		{620C5F3F-03D6-47CC-9E37-90379CA9CC28}.Debug|Any CPU.ActiveCfg = Debug|Any CPU
		{620C5F3F-03D6-47CC-9E37-90379CA9CC28}.Debug|Any CPU.Build.0 = Debug|Any CPU
		{620C5F3F-03D6-47CC-9E37-90379CA9CC28}.Release|Any CPU.ActiveCfg = Release|Any CPU
		{620C5F3F-03D6-47CC-9E37-90379CA9CC28}.Release|Any CPU.Build.0 = Release|Any CPU
		{A5CB2942-A9CD-4FB8-8DCF-7D0ECEC6E909}.Debug|Any CPU.ActiveCfg = Debug|Any CPU
		{A5CB2942-A9CD-4FB8-8DCF-7D0ECEC6E909}.Debug|Any CPU.Build.0 = Debug|Any CPU
		{A5CB2942-A9CD-4FB8-8DCF-7D0ECEC6E909}.Release|Any CPU.ActiveCfg = Release|Any CPU
		{A5CB2942-A9CD-4FB8-8DCF-7D0ECEC6E909}.Release|Any CPU.Build.0 = Release|Any CPU
		{6096DA56-C758-4818-84F3-F9817B03AF04}.Debug|Any CPU.ActiveCfg = Debug|Any CPU
		{6096DA56-C758-4818-84F3-F9817B03AF04}.Debug|Any CPU.Build.0 = Debug|Any CPU
		{6096DA56-C758-4818-84F3-F9817B03AF04}.Release|Any CPU.ActiveCfg = Release|Any CPU
		{6096DA56-C758-4818-84F3-F9817B03AF04}.Release|Any CPU.Build.0 = Release|Any CPU
		{2267CE74-24C4-4B46-9892-776D1563EFCD}.Debug|Any CPU.ActiveCfg = Debug|Any CPU
		{2267CE74-24C4-4B46-9892-776D1563EFCD}.Debug|Any CPU.Build.0 = Debug|Any CPU
		{2267CE74-24C4-4B46-9892-776D1563EFCD}.Release|Any CPU.ActiveCfg = Release|Any CPU
		{2267CE74-24C4-4B46-9892-776D1563EFCD}.Release|Any CPU.Build.0 = Release|Any CPU
	EndGlobalSection
	GlobalSection(SolutionProperties) = preSolution
		HideSolutionNode = FALSE
	EndGlobalSection
	GlobalSection(ExtensibilityGlobals) = postSolution
		SolutionGuid = {E1898027-0112-4B04-852E-9675A98BB13B}
	EndGlobalSection
EndGlobal
